
Microsoft Visual Studio Solution File, Format Version 12.00
# Visual Studio 15
Project("{FAE04EC0-301F-11D3-BF4B-00C04F79EFBC}") = "Assembly-CSharp", "Assembly-CSharp.csproj", "{F733319A-893D-17D7-71A2-CB3FD635FD31}"
EndProject
Project("{FAE04EC0-301F-11D3-BF4B-00C04F79EFBC}") = "Assembly-CSharp-Editor", "Assembly-CSharp-Editor.csproj", "{9394B0F7-057D-04F4-E490-3884D22C3B48}"
EndProject
Global
	GlobalSection(SolutionConfigurationPlatforms) = preSolution
		Debug|Any CPU = Debug|Any CPU
		Release|Any CPU = Release|Any CPU
	EndGlobalSection
	GlobalSection(ProjectConfigurationPlatforms) = postSolution
		{F733319A-893D-17D7-71A2-CB3FD635FD31}.Debug|Any CPU.ActiveCfg = Debug|Any CPU
		{F733319A-893D-17D7-71A2-CB3FD635FD31}.Debug|Any CPU.Build.0 = Debug|Any CPU
		{F733319A-893D-17D7-71A2-CB3FD635FD31}.Release|Any CPU.ActiveCfg = Release|Any CPU
		{F733319A-893D-17D7-71A2-CB3FD635FD31}.Release|Any CPU.Build.0 = Release|Any CPU
		{9394B0F7-057D-04F4-E490-3884D22C3B48}.Debug|Any CPU.ActiveCfg = Debug|Any CPU
		{9394B0F7-057D-04F4-E490-3884D22C3B48}.Debug|Any CPU.Build.0 = Debug|Any CPU
		{9394B0F7-057D-04F4-E490-3884D22C3B48}.Release|Any CPU.ActiveCfg = Release|Any CPU
		{9394B0F7-057D-04F4-E490-3884D22C3B48}.Release|Any CPU.Build.0 = Release|Any CPU
	EndGlobalSection
	GlobalSection(SolutionProperties) = preSolution
		HideSolutionNode = FALSE
	EndGlobalSection
EndGlobal
