
Microsoft Visual Studio Solution File, Format Version 12.00
# Visual Studio 15
Project("{FAE04EC0-301F-11D3-BF4B-00C04F79EFBC}") = "Assembly-CSharp", "Assembly-CSharp.csproj", "{A19A0088-36CC-3AB2-5B4A-8FB74AC3983B}"
EndProject
Project("{FAE04EC0-301F-11D3-BF4B-00C04F79EFBC}") = "Assembly-CSharp-firstpass", "Assembly-CSharp-firstpass.csproj", "{32E8EAC1-56F7-E4DF-B17E-0AC8F66D3F19}"
EndProject
Project("{FAE04EC0-301F-11D3-BF4B-00C04F79EFBC}") = "Assembly-CSharp-Editor-firstpass", "Assembly-CSharp-Editor-firstpass.csproj", "{14CBE788-58BE-BAC4-BA0E-98F31B409E03}"
EndProject
Project("{FAE04EC0-301F-11D3-BF4B-00C04F79EFBC}") = "Assembly-CSharp-Editor", "Assembly-CSharp-Editor.csproj", "{C3BE6BF7-3CBB-F578-DBBC-15EEA6485051}"
EndProject
Global
	GlobalSection(SolutionConfigurationPlatforms) = preSolution
		Debug|Any CPU = Debug|Any CPU
		Release|Any CPU = Release|Any CPU
	EndGlobalSection
	GlobalSection(ProjectConfigurationPlatforms) = postSolution
		{A19A0088-36CC-3AB2-5B4A-8FB74AC3983B}.Debug|Any CPU.ActiveCfg = Debug|Any CPU
		{A19A0088-36CC-3AB2-5B4A-8FB74AC3983B}.Debug|Any CPU.Build.0 = Debug|Any CPU
		{A19A0088-36CC-3AB2-5B4A-8FB74AC3983B}.Release|Any CPU.ActiveCfg = Release|Any CPU
		{A19A0088-36CC-3AB2-5B4A-8FB74AC3983B}.Release|Any CPU.Build.0 = Release|Any CPU
		{32E8EAC1-56F7-E4DF-B17E-0AC8F66D3F19}.Debug|Any CPU.ActiveCfg = Debug|Any CPU
		{32E8EAC1-56F7-E4DF-B17E-0AC8F66D3F19}.Debug|Any CPU.Build.0 = Debug|Any CPU
		{32E8EAC1-56F7-E4DF-B17E-0AC8F66D3F19}.Release|Any CPU.ActiveCfg = Release|Any CPU
		{32E8EAC1-56F7-E4DF-B17E-0AC8F66D3F19}.Release|Any CPU.Build.0 = Release|Any CPU
		{14CBE788-58BE-BAC4-BA0E-98F31B409E03}.Debug|Any CPU.ActiveCfg = Debug|Any CPU
		{14CBE788-58BE-BAC4-BA0E-98F31B409E03}.Debug|Any CPU.Build.0 = Debug|Any CPU
		{14CBE788-58BE-BAC4-BA0E-98F31B409E03}.Release|Any CPU.ActiveCfg = Release|Any CPU
		{14CBE788-58BE-BAC4-BA0E-98F31B409E03}.Release|Any CPU.Build.0 = Release|Any CPU
		{C3BE6BF7-3CBB-F578-DBBC-15EEA6485051}.Debug|Any CPU.ActiveCfg = Debug|Any CPU
		{C3BE6BF7-3CBB-F578-DBBC-15EEA6485051}.Debug|Any CPU.Build.0 = Debug|Any CPU
		{C3BE6BF7-3CBB-F578-DBBC-15EEA6485051}.Release|Any CPU.ActiveCfg = Release|Any CPU
		{C3BE6BF7-3CBB-F578-DBBC-15EEA6485051}.Release|Any CPU.Build.0 = Release|Any CPU
	EndGlobalSection
	GlobalSection(SolutionProperties) = preSolution
		HideSolutionNode = FALSE
	EndGlobalSection
EndGlobal
